<?xml version="1.0" encoding="utf-8"?>
<Project ToolsVersion="4.0" xmlns="http://schemas.microsoft.com/developer/msbuild/2003">
  <ItemGroup>
    <Filter Include="Source Files">
      <UniqueIdentifier>{4FC737F1-C7A5-4376-A066-2A32D752A2FF}</UniqueIdentifier>
      <Extensions>cpp;c;cc;cxx;c++;cppm;ixx;def;odl;idl;hpj;bat;asm;asmx</Extensions>
    </Filter>
    <Filter Include="Header Files">
      <UniqueIdentifier>{93995380-89BD-4b04-88EB-625FBE52EBFB}</UniqueIdentifier>
      <Extensions>h;hh;hpp;hxx;h++;hm;inl;inc;ipp;xsd</Extensions>
    </Filter>
    <Filter Include="Resource Files">
      <UniqueIdentifier>{67DA6AB6-F800-4c08-8B7A-83BB121AAD01}</UniqueIdentifier>
      <Extensions>rc;ico;cur;bmp;dlg;rc2;rct;bin;rgs;gif;jpg;jpeg;jpe;resx;tiff;tif;png;wav;mfcribbon-ms</Extensions>
    </Filter>
  </ItemGroup>
  <ItemGroup>
    <ClCompile Include="src\main.cpp">
      <Filter>Source Files</Filter>
    </ClCompile>
    <ClCompile Include="src\app.cpp">
      <Filter>Source Files</Filter>
    </ClCompile>
    <ClCompile Include="src\gui\display.cpp">
      <Filter>Source Files</Filter>
    </ClCompile>
    <ClCompile Include="src\error.cpp">
      <Filter>Source Files</Filter>
    </ClCompile>
    <ClCompile Include="src\gui\renderer.cpp">
      <Filter>Source Files</Filter>
    </ClCompile>
    <ClCompile Include="src\input_reader.cpp">
      <Filter>Source Files</Filter>
    </ClCompile>
    <ClCompile Include="src\data\load_file.cpp">
      <Filter>Source Files</Filter>
    </ClCompile>
    <ClCompile Include="src\opengl\vertices.cpp">
      <Filter>Source Files</Filter>
    </ClCompile>
    <ClCompile Include="src\opengl\debug.cpp">
      <Filter>Source Files</Filter>
    </ClCompile>
    <ClCompile Include="src\opengl\index_buffer.cpp">
      <Filter>Source Files</Filter>
    </ClCompile>
    <ClCompile Include="src\opengl\vertex_buffer.cpp">
      <Filter>Source Files</Filter>
    </ClCompile>
    <ClCompile Include="src\opengl\shader_program.cpp">
      <Filter>Source Files</Filter>
    </ClCompile>
    <ClCompile Include="src\opengl\texture.cpp">
      <Filter>Source Files</Filter>
    </ClCompile>
    <ClCompile Include="src\opengl\vertex_array.cpp">
      <Filter>Source Files</Filter>
    </ClCompile>
    <ClCompile Include="src\gui\texture_renderer.cpp">
      <Filter>Source Files</Filter>
    </ClCompile>
    <ClCompile Include="src\gui\map.cpp">
      <Filter>Source Files</Filter>
    </ClCompile>
    <ClCompile Include="src\gui\camera.cpp">
      <Filter>Source Files</Filter>
    </ClCompile>
  </ItemGroup>
  <ItemGroup>
    <ClInclude Include="include\app.h">
      <Filter>Header Files</Filter>
    </ClInclude>
    <ClInclude Include="include\gui\display.h">
      <Filter>Header Files</Filter>
    </ClInclude>
    <ClInclude Include="include\gui\gui_config.h">
      <Filter>Header Files</Filter>
    </ClInclude>
    <ClInclude Include="include\error.h">
      <Filter>Header Files</Filter>
    </ClInclude>
    <ClInclude Include="include\gui\camera.h">
      <Filter>Header Files</Filter>
    </ClInclude>
    <ClInclude Include="include\paths.h">
      <Filter>Header Files</Filter>
    </ClInclude>
    <ClInclude Include="include\gui\renderer.h">
      <Filter>Header Files</Filter>
    </ClInclude>
    <ClInclude Include="include\input_reader.h">
      <Filter>Header Files</Filter>
    </ClInclude>
    <ClInclude Include="include\load_file.h">
      <Filter>Header Files</Filter>
    </ClInclude>
    <ClInclude Include="include\opengl\vertices.h">
      <Filter>Header Files</Filter>
    </ClInclude>
    <ClInclude Include="include\opengl\debug.h">
      <Filter>Header Files</Filter>
    </ClInclude>
    <ClInclude Include="include\opengl\index_buffer.h">
      <Filter>Header Files</Filter>
    </ClInclude>
    <ClInclude Include="include\opengl\vertex_buffer.h">
      <Filter>Header Files</Filter>
    </ClInclude>
    <ClInclude Include="include\opengl\shader_program.h">
      <Filter>Header Files</Filter>
    </ClInclude>
    <ClInclude Include="include\opengl\texture.h">
      <Filter>Header Files</Filter>
    </ClInclude>
    <ClInclude Include="include\opengl\vertex_array.h">
      <Filter>Header Files</Filter>
    </ClInclude>
    <ClInclude Include="include\gui\image.h">
      <Filter>Header Files</Filter>
    </ClInclude>
    <ClInclude Include="include\gui\map.h">
      <Filter>Header Files</Filter>
    </ClInclude>
    <ClInclude Include="include\gui\texture_renderer.h">
      <Filter>Header Files</Filter>
    </ClInclude>
  </ItemGroup>
  <ItemGroup>
    <None Include="resources\shaders\texture_shader\texture.vert" />
    <None Include="resources\shaders\texture_shader\texture.frag" />
  </ItemGroup>
  <ItemGroup>
    <Image Include="resources\map_tiles_large\germany_0_0.jpg">
      <Filter>Resource Files</Filter>
    </Image>
    <Image Include="resources\map_tiles_large\germany_0_1.jpg">
      <Filter>Resource Files</Filter>
    </Image>
    <Image Include="resources\map_tiles_large\germany_0_2.jpg">
      <Filter>Resource Files</Filter>
    </Image>
    <Image Include="resources\map_tiles_large\germany_0_3.jpg">
      <Filter>Resource Files</Filter>
    </Image>
    <Image Include="resources\map_tiles_large\germany_1_0.jpg">
      <Filter>Resource Files</Filter>
    </Image>
    <Image Include="resources\map_tiles_large\germany_1_1.jpg">
      <Filter>Resource Files</Filter>
    </Image>
    <Image Include="resources\map_tiles_large\germany_1_2.jpg">
      <Filter>Resource Files</Filter>
    </Image>
    <Image Include="resources\map_tiles_large\germany_1_3.jpg">
      <Filter>Resource Files</Filter>
    </Image>
    <Image Include="resources\map_tiles_large\germany_2_0.jpg">
      <Filter>Resource Files</Filter>
    </Image>
    <Image Include="resources\map_tiles_large\germany_2_1.jpg">
      <Filter>Resource Files</Filter>
    </Image>
    <Image Include="resources\map_tiles_large\germany_2_2.jpg">
      <Filter>Resource Files</Filter>
    </Image>
    <Image Include="resources\map_tiles_large\germany_2_3.jpg">
      <Filter>Resource Files</Filter>
    </Image>
    <Image Include="resources\map_tiles_large\germany_3_0.jpg">
      <Filter>Resource Files</Filter>
    </Image>
    <Image Include="resources\map_tiles_large\germany_3_1.jpg">
      <Filter>Resource Files</Filter>
    </Image>
    <Image Include="resources\map_tiles_large\germany_3_2.jpg">
      <Filter>Resource Files</Filter>
    </Image>
    <Image Include="resources\map_tiles_large\germany_3_3.jpg">
      <Filter>Resource Files</Filter>
    </Image>
  </ItemGroup>
</Project>